
Microsoft Visual Studio Solution File, Format Version 12.00
# Visual Studio 15
VisualStudioVersion = 15.0.27004.2005
MinimumVisualStudioVersion = 10.0.40219.1
Project("{9A19103F-16F7-4668-BE54-9A1E7A4F7556}") = "LiveFootballBot", "LiveFootballBot\LiveFootballBot.csproj", "{A600A4B4-F932-435A-BF1D-C3082DC6D664}"
EndProject
Project("{9A19103F-16F7-4668-BE54-9A1E7A4F7556}") = "LiveFootballBot.Tests", "LiveFootballBot.Tests\LiveFootballBot.Tests.csproj", "{D26B4E74-2E62-403A-831C-A7439AF49922}"
EndProject
Project("{FAE04EC0-301F-11D3-BF4B-00C04F79EFBC}") = "LiveFootballBot.Core", "LiveFootballBot.Core\LiveFootballBot.Core.csproj", "{7F2B13F6-766F-4720-93A8-B0836D2EB650}"
EndProject
Global
	GlobalSection(SolutionConfigurationPlatforms) = preSolution
		Debug|Any CPU = Debug|Any CPU
		Debug|Mixed Platforms = Debug|Mixed Platforms
		Debug|x64 = Debug|x64
		Debug|x86 = Debug|x86
		dteboxReleaseHomo|Any CPU = dteboxReleaseHomo|Any CPU
		dteboxReleaseHomo|Mixed Platforms = dteboxReleaseHomo|Mixed Platforms
		dteboxReleaseHomo|x64 = dteboxReleaseHomo|x64
		dteboxReleaseHomo|x86 = dteboxReleaseHomo|x86
		dteboxReleaseProd|Any CPU = dteboxReleaseProd|Any CPU
		dteboxReleaseProd|Mixed Platforms = dteboxReleaseProd|Mixed Platforms
		dteboxReleaseProd|x64 = dteboxReleaseProd|x64
		dteboxReleaseProd|x86 = dteboxReleaseProd|x86
		migration|Any CPU = migration|Any CPU
		migration|Mixed Platforms = migration|Mixed Platforms
		migration|x64 = migration|x64
		migration|x86 = migration|x86
		printPdfReleaseHomo|Any CPU = printPdfReleaseHomo|Any CPU
		printPdfReleaseHomo|Mixed Platforms = printPdfReleaseHomo|Mixed Platforms
		printPdfReleaseHomo|x64 = printPdfReleaseHomo|x64
		printPdfReleaseHomo|x86 = printPdfReleaseHomo|x86
		printPdfReleaseProd|Any CPU = printPdfReleaseProd|Any CPU
		printPdfReleaseProd|Mixed Platforms = printPdfReleaseProd|Mixed Platforms
		printPdfReleaseProd|x64 = printPdfReleaseProd|x64
		printPdfReleaseProd|x86 = printPdfReleaseProd|x86
		Publish|Any CPU = Publish|Any CPU
		Publish|Mixed Platforms = Publish|Mixed Platforms
		Publish|x64 = Publish|x64
		Publish|x86 = Publish|x86
		qa|Any CPU = qa|Any CPU
		qa|Mixed Platforms = qa|Mixed Platforms
		qa|x64 = qa|x64
		qa|x86 = qa|x86
		qaHomo|Any CPU = qaHomo|Any CPU
		qaHomo|Mixed Platforms = qaHomo|Mixed Platforms
		qaHomo|x64 = qaHomo|x64
		qaHomo|x86 = qaHomo|x86
		Release|Any CPU = Release|Any CPU
		Release|Mixed Platforms = Release|Mixed Platforms
		Release|x64 = Release|x64
		Release|x86 = Release|x86
		ReleaseHomo|Any CPU = ReleaseHomo|Any CPU
		ReleaseHomo|Mixed Platforms = ReleaseHomo|Mixed Platforms
		ReleaseHomo|x64 = ReleaseHomo|x64
		ReleaseHomo|x86 = ReleaseHomo|x86
	EndGlobalSection
	GlobalSection(ProjectConfigurationPlatforms) = postSolution
		{A600A4B4-F932-435A-BF1D-C3082DC6D664}.Debug|Any CPU.ActiveCfg = Debug|Any CPU
		{A600A4B4-F932-435A-BF1D-C3082DC6D664}.Debug|Any CPU.Build.0 = Debug|Any CPU
		{A600A4B4-F932-435A-BF1D-C3082DC6D664}.Debug|Mixed Platforms.ActiveCfg = Debug|Any CPU
		{A600A4B4-F932-435A-BF1D-C3082DC6D664}.Debug|Mixed Platforms.Build.0 = Debug|Any CPU
		{A600A4B4-F932-435A-BF1D-C3082DC6D664}.Debug|x64.ActiveCfg = Debug|Any CPU
		{A600A4B4-F932-435A-BF1D-C3082DC6D664}.Debug|x64.Build.0 = Debug|Any CPU
		{A600A4B4-F932-435A-BF1D-C3082DC6D664}.Debug|x86.ActiveCfg = Debug|Any CPU
		{A600A4B4-F932-435A-BF1D-C3082DC6D664}.Debug|x86.Build.0 = Debug|Any CPU
		{A600A4B4-F932-435A-BF1D-C3082DC6D664}.dteboxReleaseHomo|Any CPU.ActiveCfg = Release|Any CPU
		{A600A4B4-F932-435A-BF1D-C3082DC6D664}.dteboxReleaseHomo|Any CPU.Build.0 = Release|Any CPU
		{A600A4B4-F932-435A-BF1D-C3082DC6D664}.dteboxReleaseHomo|Mixed Platforms.ActiveCfg = Release|Any CPU
		{A600A4B4-F932-435A-BF1D-C3082DC6D664}.dteboxReleaseHomo|Mixed Platforms.Build.0 = Release|Any CPU
		{A600A4B4-F932-435A-BF1D-C3082DC6D664}.dteboxReleaseHomo|x64.ActiveCfg = Release|Any CPU
		{A600A4B4-F932-435A-BF1D-C3082DC6D664}.dteboxReleaseHomo|x64.Build.0 = Release|Any CPU
		{A600A4B4-F932-435A-BF1D-C3082DC6D664}.dteboxReleaseHomo|x86.ActiveCfg = Release|Any CPU
		{A600A4B4-F932-435A-BF1D-C3082DC6D664}.dteboxReleaseHomo|x86.Build.0 = Release|Any CPU
		{A600A4B4-F932-435A-BF1D-C3082DC6D664}.dteboxReleaseProd|Any CPU.ActiveCfg = Release|Any CPU
		{A600A4B4-F932-435A-BF1D-C3082DC6D664}.dteboxReleaseProd|Any CPU.Build.0 = Release|Any CPU
		{A600A4B4-F932-435A-BF1D-C3082DC6D664}.dteboxReleaseProd|Mixed Platforms.ActiveCfg = Release|Any CPU
		{A600A4B4-F932-435A-BF1D-C3082DC6D664}.dteboxReleaseProd|Mixed Platforms.Build.0 = Release|Any CPU
		{A600A4B4-F932-435A-BF1D-C3082DC6D664}.dteboxReleaseProd|x64.ActiveCfg = Release|Any CPU
		{A600A4B4-F932-435A-BF1D-C3082DC6D664}.dteboxReleaseProd|x64.Build.0 = Release|Any CPU
		{A600A4B4-F932-435A-BF1D-C3082DC6D664}.dteboxReleaseProd|x86.ActiveCfg = Release|Any CPU
		{A600A4B4-F932-435A-BF1D-C3082DC6D664}.dteboxReleaseProd|x86.Build.0 = Release|Any CPU
		{A600A4B4-F932-435A-BF1D-C3082DC6D664}.migration|Any CPU.ActiveCfg = Release|Any CPU
		{A600A4B4-F932-435A-BF1D-C3082DC6D664}.migration|Any CPU.Build.0 = Release|Any CPU
		{A600A4B4-F932-435A-BF1D-C3082DC6D664}.migration|Mixed Platforms.ActiveCfg = Release|Any CPU
		{A600A4B4-F932-435A-BF1D-C3082DC6D664}.migration|Mixed Platforms.Build.0 = Release|Any CPU
		{A600A4B4-F932-435A-BF1D-C3082DC6D664}.migration|x64.ActiveCfg = Release|Any CPU
		{A600A4B4-F932-435A-BF1D-C3082DC6D664}.migration|x64.Build.0 = Release|Any CPU
		{A600A4B4-F932-435A-BF1D-C3082DC6D664}.migration|x86.ActiveCfg = Release|Any CPU
		{A600A4B4-F932-435A-BF1D-C3082DC6D664}.migration|x86.Build.0 = Release|Any CPU
		{A600A4B4-F932-435A-BF1D-C3082DC6D664}.printPdfReleaseHomo|Any CPU.ActiveCfg = Release|Any CPU
		{A600A4B4-F932-435A-BF1D-C3082DC6D664}.printPdfReleaseHomo|Any CPU.Build.0 = Release|Any CPU
		{A600A4B4-F932-435A-BF1D-C3082DC6D664}.printPdfReleaseHomo|Mixed Platforms.ActiveCfg = Release|Any CPU
		{A600A4B4-F932-435A-BF1D-C3082DC6D664}.printPdfReleaseHomo|Mixed Platforms.Build.0 = Release|Any CPU
		{A600A4B4-F932-435A-BF1D-C3082DC6D664}.printPdfReleaseHomo|x64.ActiveCfg = Release|Any CPU
		{A600A4B4-F932-435A-BF1D-C3082DC6D664}.printPdfReleaseHomo|x64.Build.0 = Release|Any CPU
		{A600A4B4-F932-435A-BF1D-C3082DC6D664}.printPdfReleaseHomo|x86.ActiveCfg = Release|Any CPU
		{A600A4B4-F932-435A-BF1D-C3082DC6D664}.printPdfReleaseHomo|x86.Build.0 = Release|Any CPU
		{A600A4B4-F932-435A-BF1D-C3082DC6D664}.printPdfReleaseProd|Any CPU.ActiveCfg = Release|Any CPU
		{A600A4B4-F932-435A-BF1D-C3082DC6D664}.printPdfReleaseProd|Any CPU.Build.0 = Release|Any CPU
		{A600A4B4-F932-435A-BF1D-C3082DC6D664}.printPdfReleaseProd|Mixed Platforms.ActiveCfg = Release|Any CPU
		{A600A4B4-F932-435A-BF1D-C3082DC6D664}.printPdfReleaseProd|Mixed Platforms.Build.0 = Release|Any CPU
		{A600A4B4-F932-435A-BF1D-C3082DC6D664}.printPdfReleaseProd|x64.ActiveCfg = Release|Any CPU
		{A600A4B4-F932-435A-BF1D-C3082DC6D664}.printPdfReleaseProd|x64.Build.0 = Release|Any CPU
		{A600A4B4-F932-435A-BF1D-C3082DC6D664}.printPdfReleaseProd|x86.ActiveCfg = Release|Any CPU
		{A600A4B4-F932-435A-BF1D-C3082DC6D664}.printPdfReleaseProd|x86.Build.0 = Release|Any CPU
		{A600A4B4-F932-435A-BF1D-C3082DC6D664}.Publish|Any CPU.ActiveCfg = Release|Any CPU
		{A600A4B4-F932-435A-BF1D-C3082DC6D664}.Publish|Any CPU.Build.0 = Release|Any CPU
		{A600A4B4-F932-435A-BF1D-C3082DC6D664}.Publish|Mixed Platforms.ActiveCfg = Release|Any CPU
		{A600A4B4-F932-435A-BF1D-C3082DC6D664}.Publish|Mixed Platforms.Build.0 = Release|Any CPU
		{A600A4B4-F932-435A-BF1D-C3082DC6D664}.Publish|x64.ActiveCfg = Release|Any CPU
		{A600A4B4-F932-435A-BF1D-C3082DC6D664}.Publish|x64.Build.0 = Release|Any CPU
		{A600A4B4-F932-435A-BF1D-C3082DC6D664}.Publish|x86.ActiveCfg = Release|Any CPU
		{A600A4B4-F932-435A-BF1D-C3082DC6D664}.Publish|x86.Build.0 = Release|Any CPU
		{A600A4B4-F932-435A-BF1D-C3082DC6D664}.qa|Any CPU.ActiveCfg = Release|Any CPU
		{A600A4B4-F932-435A-BF1D-C3082DC6D664}.qa|Any CPU.Build.0 = Release|Any CPU
		{A600A4B4-F932-435A-BF1D-C3082DC6D664}.qa|Mixed Platforms.ActiveCfg = Release|Any CPU
		{A600A4B4-F932-435A-BF1D-C3082DC6D664}.qa|Mixed Platforms.Build.0 = Release|Any CPU
		{A600A4B4-F932-435A-BF1D-C3082DC6D664}.qa|x64.ActiveCfg = Release|Any CPU
		{A600A4B4-F932-435A-BF1D-C3082DC6D664}.qa|x64.Build.0 = Release|Any CPU
		{A600A4B4-F932-435A-BF1D-C3082DC6D664}.qa|x86.ActiveCfg = Release|Any CPU
		{A600A4B4-F932-435A-BF1D-C3082DC6D664}.qa|x86.Build.0 = Release|Any CPU
		{A600A4B4-F932-435A-BF1D-C3082DC6D664}.qaHomo|Any CPU.ActiveCfg = Release|Any CPU
		{A600A4B4-F932-435A-BF1D-C3082DC6D664}.qaHomo|Any CPU.Build.0 = Release|Any CPU
		{A600A4B4-F932-435A-BF1D-C3082DC6D664}.qaHomo|Mixed Platforms.ActiveCfg = Release|Any CPU
		{A600A4B4-F932-435A-BF1D-C3082DC6D664}.qaHomo|Mixed Platforms.Build.0 = Release|Any CPU
		{A600A4B4-F932-435A-BF1D-C3082DC6D664}.qaHomo|x64.ActiveCfg = Release|Any CPU
		{A600A4B4-F932-435A-BF1D-C3082DC6D664}.qaHomo|x64.Build.0 = Release|Any CPU
		{A600A4B4-F932-435A-BF1D-C3082DC6D664}.qaHomo|x86.ActiveCfg = Release|Any CPU
		{A600A4B4-F932-435A-BF1D-C3082DC6D664}.qaHomo|x86.Build.0 = Release|Any CPU
		{A600A4B4-F932-435A-BF1D-C3082DC6D664}.Release|Any CPU.ActiveCfg = Release|Any CPU
		{A600A4B4-F932-435A-BF1D-C3082DC6D664}.Release|Any CPU.Build.0 = Release|Any CPU
		{A600A4B4-F932-435A-BF1D-C3082DC6D664}.Release|Mixed Platforms.ActiveCfg = Release|Any CPU
		{A600A4B4-F932-435A-BF1D-C3082DC6D664}.Release|Mixed Platforms.Build.0 = Release|Any CPU
		{A600A4B4-F932-435A-BF1D-C3082DC6D664}.Release|x64.ActiveCfg = Release|Any CPU
		{A600A4B4-F932-435A-BF1D-C3082DC6D664}.Release|x64.Build.0 = Release|Any CPU
		{A600A4B4-F932-435A-BF1D-C3082DC6D664}.Release|x86.ActiveCfg = Release|Any CPU
		{A600A4B4-F932-435A-BF1D-C3082DC6D664}.Release|x86.Build.0 = Release|Any CPU
		{A600A4B4-F932-435A-BF1D-C3082DC6D664}.ReleaseHomo|Any CPU.ActiveCfg = Release|Any CPU
		{A600A4B4-F932-435A-BF1D-C3082DC6D664}.ReleaseHomo|Any CPU.Build.0 = Release|Any CPU
		{A600A4B4-F932-435A-BF1D-C3082DC6D664}.ReleaseHomo|Mixed Platforms.ActiveCfg = Release|Any CPU
		{A600A4B4-F932-435A-BF1D-C3082DC6D664}.ReleaseHomo|Mixed Platforms.Build.0 = Release|Any CPU
		{A600A4B4-F932-435A-BF1D-C3082DC6D664}.ReleaseHomo|x64.ActiveCfg = Release|Any CPU
		{A600A4B4-F932-435A-BF1D-C3082DC6D664}.ReleaseHomo|x64.Build.0 = Release|Any CPU
		{A600A4B4-F932-435A-BF1D-C3082DC6D664}.ReleaseHomo|x86.ActiveCfg = Release|Any CPU
		{A600A4B4-F932-435A-BF1D-C3082DC6D664}.ReleaseHomo|x86.Build.0 = Release|Any CPU
		{D26B4E74-2E62-403A-831C-A7439AF49922}.Debug|Any CPU.ActiveCfg = Debug|Any CPU
		{D26B4E74-2E62-403A-831C-A7439AF49922}.Debug|Any CPU.Build.0 = Debug|Any CPU
		{D26B4E74-2E62-403A-831C-A7439AF49922}.Debug|Mixed Platforms.ActiveCfg = Debug|Any CPU
		{D26B4E74-2E62-403A-831C-A7439AF49922}.Debug|Mixed Platforms.Build.0 = Debug|Any CPU
		{D26B4E74-2E62-403A-831C-A7439AF49922}.Debug|x64.ActiveCfg = Debug|Any CPU
		{D26B4E74-2E62-403A-831C-A7439AF49922}.Debug|x64.Build.0 = Debug|Any CPU
		{D26B4E74-2E62-403A-831C-A7439AF49922}.Debug|x86.ActiveCfg = Debug|Any CPU
		{D26B4E74-2E62-403A-831C-A7439AF49922}.Debug|x86.Build.0 = Debug|Any CPU
		{D26B4E74-2E62-403A-831C-A7439AF49922}.dteboxReleaseHomo|Any CPU.ActiveCfg = Release|Any CPU
		{D26B4E74-2E62-403A-831C-A7439AF49922}.dteboxReleaseHomo|Any CPU.Build.0 = Release|Any CPU
		{D26B4E74-2E62-403A-831C-A7439AF49922}.dteboxReleaseHomo|Mixed Platforms.ActiveCfg = Release|Any CPU
		{D26B4E74-2E62-403A-831C-A7439AF49922}.dteboxReleaseHomo|Mixed Platforms.Build.0 = Release|Any CPU
		{D26B4E74-2E62-403A-831C-A7439AF49922}.dteboxReleaseHomo|x64.ActiveCfg = Release|Any CPU
		{D26B4E74-2E62-403A-831C-A7439AF49922}.dteboxReleaseHomo|x64.Build.0 = Release|Any CPU
		{D26B4E74-2E62-403A-831C-A7439AF49922}.dteboxReleaseHomo|x86.ActiveCfg = Release|Any CPU
		{D26B4E74-2E62-403A-831C-A7439AF49922}.dteboxReleaseHomo|x86.Build.0 = Release|Any CPU
		{D26B4E74-2E62-403A-831C-A7439AF49922}.dteboxReleaseProd|Any CPU.ActiveCfg = Release|Any CPU
		{D26B4E74-2E62-403A-831C-A7439AF49922}.dteboxReleaseProd|Any CPU.Build.0 = Release|Any CPU
		{D26B4E74-2E62-403A-831C-A7439AF49922}.dteboxReleaseProd|Mixed Platforms.ActiveCfg = Release|Any CPU
		{D26B4E74-2E62-403A-831C-A7439AF49922}.dteboxReleaseProd|Mixed Platforms.Build.0 = Release|Any CPU
		{D26B4E74-2E62-403A-831C-A7439AF49922}.dteboxReleaseProd|x64.ActiveCfg = Release|Any CPU
		{D26B4E74-2E62-403A-831C-A7439AF49922}.dteboxReleaseProd|x64.Build.0 = Release|Any CPU
		{D26B4E74-2E62-403A-831C-A7439AF49922}.dteboxReleaseProd|x86.ActiveCfg = Release|Any CPU
		{D26B4E74-2E62-403A-831C-A7439AF49922}.dteboxReleaseProd|x86.Build.0 = Release|Any CPU
		{D26B4E74-2E62-403A-831C-A7439AF49922}.migration|Any CPU.ActiveCfg = Release|Any CPU
		{D26B4E74-2E62-403A-831C-A7439AF49922}.migration|Any CPU.Build.0 = Release|Any CPU
		{D26B4E74-2E62-403A-831C-A7439AF49922}.migration|Mixed Platforms.ActiveCfg = Release|Any CPU
		{D26B4E74-2E62-403A-831C-A7439AF49922}.migration|Mixed Platforms.Build.0 = Release|Any CPU
		{D26B4E74-2E62-403A-831C-A7439AF49922}.migration|x64.ActiveCfg = Release|Any CPU
		{D26B4E74-2E62-403A-831C-A7439AF49922}.migration|x64.Build.0 = Release|Any CPU
		{D26B4E74-2E62-403A-831C-A7439AF49922}.migration|x86.ActiveCfg = Release|Any CPU
		{D26B4E74-2E62-403A-831C-A7439AF49922}.migration|x86.Build.0 = Release|Any CPU
		{D26B4E74-2E62-403A-831C-A7439AF49922}.printPdfReleaseHomo|Any CPU.ActiveCfg = Release|Any CPU
		{D26B4E74-2E62-403A-831C-A7439AF49922}.printPdfReleaseHomo|Any CPU.Build.0 = Release|Any CPU
		{D26B4E74-2E62-403A-831C-A7439AF49922}.printPdfReleaseHomo|Mixed Platforms.ActiveCfg = Release|Any CPU
		{D26B4E74-2E62-403A-831C-A7439AF49922}.printPdfReleaseHomo|Mixed Platforms.Build.0 = Release|Any CPU
		{D26B4E74-2E62-403A-831C-A7439AF49922}.printPdfReleaseHomo|x64.ActiveCfg = Release|Any CPU
		{D26B4E74-2E62-403A-831C-A7439AF49922}.printPdfReleaseHomo|x64.Build.0 = Release|Any CPU
		{D26B4E74-2E62-403A-831C-A7439AF49922}.printPdfReleaseHomo|x86.ActiveCfg = Release|Any CPU
		{D26B4E74-2E62-403A-831C-A7439AF49922}.printPdfReleaseHomo|x86.Build.0 = Release|Any CPU
		{D26B4E74-2E62-403A-831C-A7439AF49922}.printPdfReleaseProd|Any CPU.ActiveCfg = Release|Any CPU
		{D26B4E74-2E62-403A-831C-A7439AF49922}.printPdfReleaseProd|Any CPU.Build.0 = Release|Any CPU
		{D26B4E74-2E62-403A-831C-A7439AF49922}.printPdfReleaseProd|Mixed Platforms.ActiveCfg = Release|Any CPU
		{D26B4E74-2E62-403A-831C-A7439AF49922}.printPdfReleaseProd|Mixed Platforms.Build.0 = Release|Any CPU
		{D26B4E74-2E62-403A-831C-A7439AF49922}.printPdfReleaseProd|x64.ActiveCfg = Release|Any CPU
		{D26B4E74-2E62-403A-831C-A7439AF49922}.printPdfReleaseProd|x64.Build.0 = Release|Any CPU
		{D26B4E74-2E62-403A-831C-A7439AF49922}.printPdfReleaseProd|x86.ActiveCfg = Release|Any CPU
		{D26B4E74-2E62-403A-831C-A7439AF49922}.printPdfReleaseProd|x86.Build.0 = Release|Any CPU
		{D26B4E74-2E62-403A-831C-A7439AF49922}.Publish|Any CPU.ActiveCfg = Release|Any CPU
		{D26B4E74-2E62-403A-831C-A7439AF49922}.Publish|Any CPU.Build.0 = Release|Any CPU
		{D26B4E74-2E62-403A-831C-A7439AF49922}.Publish|Mixed Platforms.ActiveCfg = Release|Any CPU
		{D26B4E74-2E62-403A-831C-A7439AF49922}.Publish|Mixed Platforms.Build.0 = Release|Any CPU
		{D26B4E74-2E62-403A-831C-A7439AF49922}.Publish|x64.ActiveCfg = Release|Any CPU
		{D26B4E74-2E62-403A-831C-A7439AF49922}.Publish|x64.Build.0 = Release|Any CPU
		{D26B4E74-2E62-403A-831C-A7439AF49922}.Publish|x86.ActiveCfg = Release|Any CPU
		{D26B4E74-2E62-403A-831C-A7439AF49922}.Publish|x86.Build.0 = Release|Any CPU
		{D26B4E74-2E62-403A-831C-A7439AF49922}.qa|Any CPU.ActiveCfg = Release|Any CPU
		{D26B4E74-2E62-403A-831C-A7439AF49922}.qa|Any CPU.Build.0 = Release|Any CPU
		{D26B4E74-2E62-403A-831C-A7439AF49922}.qa|Mixed Platforms.ActiveCfg = Release|Any CPU
		{D26B4E74-2E62-403A-831C-A7439AF49922}.qa|Mixed Platforms.Build.0 = Release|Any CPU
		{D26B4E74-2E62-403A-831C-A7439AF49922}.qa|x64.ActiveCfg = Release|Any CPU
		{D26B4E74-2E62-403A-831C-A7439AF49922}.qa|x64.Build.0 = Release|Any CPU
		{D26B4E74-2E62-403A-831C-A7439AF49922}.qa|x86.ActiveCfg = Release|Any CPU
		{D26B4E74-2E62-403A-831C-A7439AF49922}.qa|x86.Build.0 = Release|Any CPU
		{D26B4E74-2E62-403A-831C-A7439AF49922}.qaHomo|Any CPU.ActiveCfg = Release|Any CPU
		{D26B4E74-2E62-403A-831C-A7439AF49922}.qaHomo|Any CPU.Build.0 = Release|Any CPU
		{D26B4E74-2E62-403A-831C-A7439AF49922}.qaHomo|Mixed Platforms.ActiveCfg = Release|Any CPU
		{D26B4E74-2E62-403A-831C-A7439AF49922}.qaHomo|Mixed Platforms.Build.0 = Release|Any CPU
		{D26B4E74-2E62-403A-831C-A7439AF49922}.qaHomo|x64.ActiveCfg = Release|Any CPU
		{D26B4E74-2E62-403A-831C-A7439AF49922}.qaHomo|x64.Build.0 = Release|Any CPU
		{D26B4E74-2E62-403A-831C-A7439AF49922}.qaHomo|x86.ActiveCfg = Release|Any CPU
		{D26B4E74-2E62-403A-831C-A7439AF49922}.qaHomo|x86.Build.0 = Release|Any CPU
		{D26B4E74-2E62-403A-831C-A7439AF49922}.Release|Any CPU.ActiveCfg = Release|Any CPU
		{D26B4E74-2E62-403A-831C-A7439AF49922}.Release|Any CPU.Build.0 = Release|Any CPU
		{D26B4E74-2E62-403A-831C-A7439AF49922}.Release|Mixed Platforms.ActiveCfg = Release|Any CPU
		{D26B4E74-2E62-403A-831C-A7439AF49922}.Release|Mixed Platforms.Build.0 = Release|Any CPU
		{D26B4E74-2E62-403A-831C-A7439AF49922}.Release|x64.ActiveCfg = Release|Any CPU
		{D26B4E74-2E62-403A-831C-A7439AF49922}.Release|x64.Build.0 = Release|Any CPU
		{D26B4E74-2E62-403A-831C-A7439AF49922}.Release|x86.ActiveCfg = Release|Any CPU
		{D26B4E74-2E62-403A-831C-A7439AF49922}.Release|x86.Build.0 = Release|Any CPU
		{D26B4E74-2E62-403A-831C-A7439AF49922}.ReleaseHomo|Any CPU.ActiveCfg = Release|Any CPU
		{D26B4E74-2E62-403A-831C-A7439AF49922}.ReleaseHomo|Any CPU.Build.0 = Release|Any CPU
		{D26B4E74-2E62-403A-831C-A7439AF49922}.ReleaseHomo|Mixed Platforms.ActiveCfg = Release|Any CPU
		{D26B4E74-2E62-403A-831C-A7439AF49922}.ReleaseHomo|Mixed Platforms.Build.0 = Release|Any CPU
		{D26B4E74-2E62-403A-831C-A7439AF49922}.ReleaseHomo|x64.ActiveCfg = Release|Any CPU
		{D26B4E74-2E62-403A-831C-A7439AF49922}.ReleaseHomo|x64.Build.0 = Release|Any CPU
		{D26B4E74-2E62-403A-831C-A7439AF49922}.ReleaseHomo|x86.ActiveCfg = Release|Any CPU
		{D26B4E74-2E62-403A-831C-A7439AF49922}.ReleaseHomo|x86.Build.0 = Release|Any CPU
		{7F2B13F6-766F-4720-93A8-B0836D2EB650}.Debug|Any CPU.ActiveCfg = Debug|Any CPU
		{7F2B13F6-766F-4720-93A8-B0836D2EB650}.Debug|Any CPU.Build.0 = Debug|Any CPU
		{7F2B13F6-766F-4720-93A8-B0836D2EB650}.Debug|Mixed Platforms.ActiveCfg = Debug|Any CPU
		{7F2B13F6-766F-4720-93A8-B0836D2EB650}.Debug|Mixed Platforms.Build.0 = Debug|Any CPU
		{7F2B13F6-766F-4720-93A8-B0836D2EB650}.Debug|x64.ActiveCfg = Debug|Any CPU
		{7F2B13F6-766F-4720-93A8-B0836D2EB650}.Debug|x64.Build.0 = Debug|Any CPU
		{7F2B13F6-766F-4720-93A8-B0836D2EB650}.Debug|x86.ActiveCfg = Debug|Any CPU
		{7F2B13F6-766F-4720-93A8-B0836D2EB650}.Debug|x86.Build.0 = Debug|Any CPU
		{7F2B13F6-766F-4720-93A8-B0836D2EB650}.dteboxReleaseHomo|Any CPU.ActiveCfg = Release|Any CPU
		{7F2B13F6-766F-4720-93A8-B0836D2EB650}.dteboxReleaseHomo|Any CPU.Build.0 = Release|Any CPU
		{7F2B13F6-766F-4720-93A8-B0836D2EB650}.dteboxReleaseHomo|Mixed Platforms.ActiveCfg = Release|Any CPU
		{7F2B13F6-766F-4720-93A8-B0836D2EB650}.dteboxReleaseHomo|Mixed Platforms.Build.0 = Release|Any CPU
		{7F2B13F6-766F-4720-93A8-B0836D2EB650}.dteboxReleaseHomo|x64.ActiveCfg = Release|Any CPU
		{7F2B13F6-766F-4720-93A8-B0836D2EB650}.dteboxReleaseHomo|x64.Build.0 = Release|Any CPU
		{7F2B13F6-766F-4720-93A8-B0836D2EB650}.dteboxReleaseHomo|x86.ActiveCfg = Release|Any CPU
		{7F2B13F6-766F-4720-93A8-B0836D2EB650}.dteboxReleaseHomo|x86.Build.0 = Release|Any CPU
		{7F2B13F6-766F-4720-93A8-B0836D2EB650}.dteboxReleaseProd|Any CPU.ActiveCfg = Release|Any CPU
		{7F2B13F6-766F-4720-93A8-B0836D2EB650}.dteboxReleaseProd|Any CPU.Build.0 = Release|Any CPU
		{7F2B13F6-766F-4720-93A8-B0836D2EB650}.dteboxReleaseProd|Mixed Platforms.ActiveCfg = Release|Any CPU
		{7F2B13F6-766F-4720-93A8-B0836D2EB650}.dteboxReleaseProd|Mixed Platforms.Build.0 = Release|Any CPU
		{7F2B13F6-766F-4720-93A8-B0836D2EB650}.dteboxReleaseProd|x64.ActiveCfg = Release|Any CPU
		{7F2B13F6-766F-4720-93A8-B0836D2EB650}.dteboxReleaseProd|x64.Build.0 = Release|Any CPU
		{7F2B13F6-766F-4720-93A8-B0836D2EB650}.dteboxReleaseProd|x86.ActiveCfg = Release|Any CPU
		{7F2B13F6-766F-4720-93A8-B0836D2EB650}.dteboxReleaseProd|x86.Build.0 = Release|Any CPU
		{7F2B13F6-766F-4720-93A8-B0836D2EB650}.migration|Any CPU.ActiveCfg = Debug|Any CPU
		{7F2B13F6-766F-4720-93A8-B0836D2EB650}.migration|Any CPU.Build.0 = Debug|Any CPU
		{7F2B13F6-766F-4720-93A8-B0836D2EB650}.migration|Mixed Platforms.ActiveCfg = Debug|Any CPU
		{7F2B13F6-766F-4720-93A8-B0836D2EB650}.migration|Mixed Platforms.Build.0 = Debug|Any CPU
		{7F2B13F6-766F-4720-93A8-B0836D2EB650}.migration|x64.ActiveCfg = Debug|Any CPU
		{7F2B13F6-766F-4720-93A8-B0836D2EB650}.migration|x64.Build.0 = Debug|Any CPU
		{7F2B13F6-766F-4720-93A8-B0836D2EB650}.migration|x86.ActiveCfg = Debug|Any CPU
		{7F2B13F6-766F-4720-93A8-B0836D2EB650}.migration|x86.Build.0 = Debug|Any CPU
		{7F2B13F6-766F-4720-93A8-B0836D2EB650}.printPdfReleaseHomo|Any CPU.ActiveCfg = Release|Any CPU
		{7F2B13F6-766F-4720-93A8-B0836D2EB650}.printPdfReleaseHomo|Any CPU.Build.0 = Release|Any CPU
		{7F2B13F6-766F-4720-93A8-B0836D2EB650}.printPdfReleaseHomo|Mixed Platforms.ActiveCfg = Release|Any CPU
		{7F2B13F6-766F-4720-93A8-B0836D2EB650}.printPdfReleaseHomo|Mixed Platforms.Build.0 = Release|Any CPU
		{7F2B13F6-766F-4720-93A8-B0836D2EB650}.printPdfReleaseHomo|x64.ActiveCfg = Release|Any CPU
		{7F2B13F6-766F-4720-93A8-B0836D2EB650}.printPdfReleaseHomo|x64.Build.0 = Release|Any CPU
		{7F2B13F6-766F-4720-93A8-B0836D2EB650}.printPdfReleaseHomo|x86.ActiveCfg = Release|Any CPU
		{7F2B13F6-766F-4720-93A8-B0836D2EB650}.printPdfReleaseHomo|x86.Build.0 = Release|Any CPU
		{7F2B13F6-766F-4720-93A8-B0836D2EB650}.printPdfReleaseProd|Any CPU.ActiveCfg = Release|Any CPU
		{7F2B13F6-766F-4720-93A8-B0836D2EB650}.printPdfReleaseProd|Any CPU.Build.0 = Release|Any CPU
		{7F2B13F6-766F-4720-93A8-B0836D2EB650}.printPdfReleaseProd|Mixed Platforms.ActiveCfg = Release|Any CPU
		{7F2B13F6-766F-4720-93A8-B0836D2EB650}.printPdfReleaseProd|Mixed Platforms.Build.0 = Release|Any CPU
		{7F2B13F6-766F-4720-93A8-B0836D2EB650}.printPdfReleaseProd|x64.ActiveCfg = Release|Any CPU
		{7F2B13F6-766F-4720-93A8-B0836D2EB650}.printPdfReleaseProd|x64.Build.0 = Release|Any CPU
		{7F2B13F6-766F-4720-93A8-B0836D2EB650}.printPdfReleaseProd|x86.ActiveCfg = Release|Any CPU
		{7F2B13F6-766F-4720-93A8-B0836D2EB650}.printPdfReleaseProd|x86.Build.0 = Release|Any CPU
		{7F2B13F6-766F-4720-93A8-B0836D2EB650}.Publish|Any CPU.ActiveCfg = Debug|Any CPU
		{7F2B13F6-766F-4720-93A8-B0836D2EB650}.Publish|Any CPU.Build.0 = Debug|Any CPU
		{7F2B13F6-766F-4720-93A8-B0836D2EB650}.Publish|Mixed Platforms.ActiveCfg = Debug|Any CPU
		{7F2B13F6-766F-4720-93A8-B0836D2EB650}.Publish|Mixed Platforms.Build.0 = Debug|Any CPU
		{7F2B13F6-766F-4720-93A8-B0836D2EB650}.Publish|x64.ActiveCfg = Debug|Any CPU
		{7F2B13F6-766F-4720-93A8-B0836D2EB650}.Publish|x64.Build.0 = Debug|Any CPU
		{7F2B13F6-766F-4720-93A8-B0836D2EB650}.Publish|x86.ActiveCfg = Debug|Any CPU
		{7F2B13F6-766F-4720-93A8-B0836D2EB650}.Publish|x86.Build.0 = Debug|Any CPU
		{7F2B13F6-766F-4720-93A8-B0836D2EB650}.qa|Any CPU.ActiveCfg = Debug|Any CPU
		{7F2B13F6-766F-4720-93A8-B0836D2EB650}.qa|Any CPU.Build.0 = Debug|Any CPU
		{7F2B13F6-766F-4720-93A8-B0836D2EB650}.qa|Mixed Platforms.ActiveCfg = Debug|Any CPU
		{7F2B13F6-766F-4720-93A8-B0836D2EB650}.qa|Mixed Platforms.Build.0 = Debug|Any CPU
		{7F2B13F6-766F-4720-93A8-B0836D2EB650}.qa|x64.ActiveCfg = Debug|Any CPU
		{7F2B13F6-766F-4720-93A8-B0836D2EB650}.qa|x64.Build.0 = Debug|Any CPU
		{7F2B13F6-766F-4720-93A8-B0836D2EB650}.qa|x86.ActiveCfg = Debug|Any CPU
		{7F2B13F6-766F-4720-93A8-B0836D2EB650}.qa|x86.Build.0 = Debug|Any CPU
		{7F2B13F6-766F-4720-93A8-B0836D2EB650}.qaHomo|Any CPU.ActiveCfg = Debug|Any CPU
		{7F2B13F6-766F-4720-93A8-B0836D2EB650}.qaHomo|Any CPU.Build.0 = Debug|Any CPU
		{7F2B13F6-766F-4720-93A8-B0836D2EB650}.qaHomo|Mixed Platforms.ActiveCfg = Debug|Any CPU
		{7F2B13F6-766F-4720-93A8-B0836D2EB650}.qaHomo|Mixed Platforms.Build.0 = Debug|Any CPU
		{7F2B13F6-766F-4720-93A8-B0836D2EB650}.qaHomo|x64.ActiveCfg = Debug|Any CPU
		{7F2B13F6-766F-4720-93A8-B0836D2EB650}.qaHomo|x64.Build.0 = Debug|Any CPU
		{7F2B13F6-766F-4720-93A8-B0836D2EB650}.qaHomo|x86.ActiveCfg = Debug|Any CPU
		{7F2B13F6-766F-4720-93A8-B0836D2EB650}.qaHomo|x86.Build.0 = Debug|Any CPU
		{7F2B13F6-766F-4720-93A8-B0836D2EB650}.Release|Any CPU.ActiveCfg = Release|Any CPU
		{7F2B13F6-766F-4720-93A8-B0836D2EB650}.Release|Any CPU.Build.0 = Release|Any CPU
		{7F2B13F6-766F-4720-93A8-B0836D2EB650}.Release|Mixed Platforms.ActiveCfg = Release|Any CPU
		{7F2B13F6-766F-4720-93A8-B0836D2EB650}.Release|Mixed Platforms.Build.0 = Release|Any CPU
		{7F2B13F6-766F-4720-93A8-B0836D2EB650}.Release|x64.ActiveCfg = Release|Any CPU
		{7F2B13F6-766F-4720-93A8-B0836D2EB650}.Release|x64.Build.0 = Release|Any CPU
		{7F2B13F6-766F-4720-93A8-B0836D2EB650}.Release|x86.ActiveCfg = Release|Any CPU
		{7F2B13F6-766F-4720-93A8-B0836D2EB650}.Release|x86.Build.0 = Release|Any CPU
		{7F2B13F6-766F-4720-93A8-B0836D2EB650}.ReleaseHomo|Any CPU.ActiveCfg = Release|Any CPU
		{7F2B13F6-766F-4720-93A8-B0836D2EB650}.ReleaseHomo|Any CPU.Build.0 = Release|Any CPU
		{7F2B13F6-766F-4720-93A8-B0836D2EB650}.ReleaseHomo|Mixed Platforms.ActiveCfg = Release|Any CPU
		{7F2B13F6-766F-4720-93A8-B0836D2EB650}.ReleaseHomo|Mixed Platforms.Build.0 = Release|Any CPU
		{7F2B13F6-766F-4720-93A8-B0836D2EB650}.ReleaseHomo|x64.ActiveCfg = Release|Any CPU
		{7F2B13F6-766F-4720-93A8-B0836D2EB650}.ReleaseHomo|x64.Build.0 = Release|Any CPU
		{7F2B13F6-766F-4720-93A8-B0836D2EB650}.ReleaseHomo|x86.ActiveCfg = Release|Any CPU
		{7F2B13F6-766F-4720-93A8-B0836D2EB650}.ReleaseHomo|x86.Build.0 = Release|Any CPU
	EndGlobalSection
	GlobalSection(SolutionProperties) = preSolution
		HideSolutionNode = FALSE
	EndGlobalSection
	GlobalSection(ExtensibilityGlobals) = postSolution
		SolutionGuid = {7B27635E-E63D-4EA1-B145-8482CD32D455}
	EndGlobalSection
EndGlobal
